// !$*UTF8*$!
{
	archiveVersion = 1;
	classes = {
	};
	objectVersion = 50;
	objects = {

/* Begin PBXBuildFile section */
		49D17F9722F412C400ED1B90 /* AppDelegate.swift in Sources */ = {isa = PBXBuildFile; fileRef = 49D17F9622F412C400ED1B90 /* AppDelegate.swift */; };
		49D17F9C22F412C400ED1B90 /* Main.storyboard in Resources */ = {isa = PBXBuildFile; fileRef = 49D17F9A22F412C400ED1B90 /* Main.storyboard */; };
		49D17F9E22F412C600ED1B90 /* Assets.xcassets in Resources */ = {isa = PBXBuildFile; fileRef = 49D17F9D22F412C600ED1B90 /* Assets.xcassets */; };
		49D17FA122F412C600ED1B90 /* LaunchScreen.storyboard in Resources */ = {isa = PBXBuildFile; fileRef = 49D17F9F22F412C600ED1B90 /* LaunchScreen.storyboard */; };
		49D17FAA22F4157600ED1B90 /* ImageSourceTableViewController.swift in Sources */ = {isa = PBXBuildFile; fileRef = 49D17FA922F4157600ED1B90 /* ImageSourceTableViewController.swift */; };
		49D17FAD22F415B600ED1B90 /* ImageSourceTableDataSource.swift in Sources */ = {isa = PBXBuildFile; fileRef = 49D17FAC22F415B600ED1B90 /* ImageSourceTableDataSource.swift */; };
		49D17FAF22F415C000ED1B90 /* ImageSourceTableDelegate.swift in Sources */ = {isa = PBXBuildFile; fileRef = 49D17FAE22F415C000ED1B90 /* ImageSourceTableDelegate.swift */; };
		49D17FB122F415CD00ED1B90 /* ImageSourceTableViewModel.swift in Sources */ = {isa = PBXBuildFile; fileRef = 49D17FB022F415CD00ED1B90 /* ImageSourceTableViewModel.swift */; };
		49D17FB422F416DA00ED1B90 /* ImageSource.swift in Sources */ = {isa = PBXBuildFile; fileRef = 49D17FB322F416DA00ED1B90 /* ImageSource.swift */; };
		49D17FB722F4194800ED1B90 /* ImageSourceManager.swift in Sources */ = {isa = PBXBuildFile; fileRef = 49D17FB622F4194800ED1B90 /* ImageSourceManager.swift */; };
		49D17FBA22F41A0C00ED1B90 /* NSObject+Common.swift in Sources */ = {isa = PBXBuildFile; fileRef = 49D17FB922F41A0C00ED1B90 /* NSObject+Common.swift */; };
		49D17FBF22F41E5C00ED1B90 /* ImagePresenterOverviewCollectionViewController.swift in Sources */ = {isa = PBXBuildFile; fileRef = 49D17FBD22F41E5C00ED1B90 /* ImagePresenterOverviewCollectionViewController.swift */; };
		49D17FC222F420E600ED1B90 /* ImagePresenterOverviewCollectionDataSource.swift in Sources */ = {isa = PBXBuildFile; fileRef = 49D17FC122F420E600ED1B90 /* ImagePresenterOverviewCollectionDataSource.swift */; };
		49D17FC422F420FC00ED1B90 /* ImagePresenterOverviewCollectionDelegate.swift in Sources */ = {isa = PBXBuildFile; fileRef = 49D17FC322F420FC00ED1B90 /* ImagePresenterOverviewCollectionDelegate.swift */; };
		49D17FC722F4267800ED1B90 /* FlickrApi.swift in Sources */ = {isa = PBXBuildFile; fileRef = 49D17FC622F4267800ED1B90 /* FlickrApi.swift */; };
		49D17FC922F4302200ED1B90 /* ImagePresenterOverviewViewModel.swift in Sources */ = {isa = PBXBuildFile; fileRef = 49D17FC822F4302200ED1B90 /* ImagePresenterOverviewViewModel.swift */; };
		49D17FCB22F4334F00ED1B90 /* Picture.swift in Sources */ = {isa = PBXBuildFile; fileRef = 49D17FCA22F4334F00ED1B90 /* Picture.swift */; };
		49D17FE522F4408300ED1B90 /* FeedPicturesCollectionViewCell.xib in Resources */ = {isa = PBXBuildFile; fileRef = 49D17FE322F4408300ED1B90 /* FeedPicturesCollectionViewCell.xib */; };
		49D17FE622F4408300ED1B90 /* FeedPicturesCollectionViewCell.swift in Sources */ = {isa = PBXBuildFile; fileRef = 49D17FE422F4408300ED1B90 /* FeedPicturesCollectionViewCell.swift */; };
		49D17FE822F440DE00ED1B90 /* UIImageView+Loader.swift in Sources */ = {isa = PBXBuildFile; fileRef = 49D17FE722F440DE00ED1B90 /* UIImageView+Loader.swift */; };
		49D17FEA22F4422800ED1B90 /* ImageWorker.swift in Sources */ = {isa = PBXBuildFile; fileRef = 49D17FE922F4422800ED1B90 /* ImageWorker.swift */; };
		F6A8BF1A30A8333431DC883D /* Pods_BlendlePictures.framework in Frameworks */ = {isa = PBXBuildFile; fileRef = 5B07C3C671AD44DFCBDA643D /* Pods_BlendlePictures.framework */; };
/* End PBXBuildFile section */

/* Begin PBXFileReference section */
		0F2DFE16498206CEB2E23225 /* Pods-BlendlePictures.debug.xcconfig */ = {isa = PBXFileReference; includeInIndex = 1; lastKnownFileType = text.xcconfig; name = "Pods-BlendlePictures.debug.xcconfig"; path = "Target Support Files/Pods-BlendlePictures/Pods-BlendlePictures.debug.xcconfig"; sourceTree = "<group>"; };
		49D17F9322F412C400ED1B90 /* BlendlePictures.app */ = {isa = PBXFileReference; explicitFileType = wrapper.application; includeInIndex = 0; path = BlendlePictures.app; sourceTree = BUILT_PRODUCTS_DIR; };
		49D17F9622F412C400ED1B90 /* AppDelegate.swift */ = {isa = PBXFileReference; lastKnownFileType = sourcecode.swift; path = AppDelegate.swift; sourceTree = "<group>"; };
		49D17F9B22F412C400ED1B90 /* Base */ = {isa = PBXFileReference; lastKnownFileType = file.storyboard; name = Base; path = Base.lproj/Main.storyboard; sourceTree = "<group>"; };
		49D17F9D22F412C600ED1B90 /* Assets.xcassets */ = {isa = PBXFileReference; lastKnownFileType = folder.assetcatalog; path = Assets.xcassets; sourceTree = "<group>"; };
		49D17FA022F412C600ED1B90 /* Base */ = {isa = PBXFileReference; lastKnownFileType = file.storyboard; name = Base; path = Base.lproj/LaunchScreen.storyboard; sourceTree = "<group>"; };
		49D17FA222F412C600ED1B90 /* Info.plist */ = {isa = PBXFileReference; lastKnownFileType = text.plist.xml; path = Info.plist; sourceTree = "<group>"; };
		49D17FA922F4157600ED1B90 /* ImageSourceTableViewController.swift */ = {isa = PBXFileReference; lastKnownFileType = sourcecode.swift; path = ImageSourceTableViewController.swift; sourceTree = "<group>"; };
		49D17FAC22F415B600ED1B90 /* ImageSourceTableDataSource.swift */ = {isa = PBXFileReference; lastKnownFileType = sourcecode.swift; path = ImageSourceTableDataSource.swift; sourceTree = "<group>"; };
		49D17FAE22F415C000ED1B90 /* ImageSourceTableDelegate.swift */ = {isa = PBXFileReference; lastKnownFileType = sourcecode.swift; path = ImageSourceTableDelegate.swift; sourceTree = "<group>"; };
		49D17FB022F415CD00ED1B90 /* ImageSourceTableViewModel.swift */ = {isa = PBXFileReference; lastKnownFileType = sourcecode.swift; path = ImageSourceTableViewModel.swift; sourceTree = "<group>"; };
		49D17FB322F416DA00ED1B90 /* ImageSource.swift */ = {isa = PBXFileReference; lastKnownFileType = sourcecode.swift; path = ImageSource.swift; sourceTree = "<group>"; };
		49D17FB622F4194800ED1B90 /* ImageSourceManager.swift */ = {isa = PBXFileReference; lastKnownFileType = sourcecode.swift; path = ImageSourceManager.swift; sourceTree = "<group>"; };
		49D17FB922F41A0C00ED1B90 /* NSObject+Common.swift */ = {isa = PBXFileReference; lastKnownFileType = sourcecode.swift; path = "NSObject+Common.swift"; sourceTree = "<group>"; };
		49D17FBD22F41E5C00ED1B90 /* ImagePresenterOverviewCollectionViewController.swift */ = {isa = PBXFileReference; lastKnownFileType = sourcecode.swift; path = ImagePresenterOverviewCollectionViewController.swift; sourceTree = "<group>"; };
		49D17FC122F420E600ED1B90 /* ImagePresenterOverviewCollectionDataSource.swift */ = {isa = PBXFileReference; lastKnownFileType = sourcecode.swift; path = ImagePresenterOverviewCollectionDataSource.swift; sourceTree = "<group>"; };
		49D17FC322F420FC00ED1B90 /* ImagePresenterOverviewCollectionDelegate.swift */ = {isa = PBXFileReference; lastKnownFileType = sourcecode.swift; path = ImagePresenterOverviewCollectionDelegate.swift; sourceTree = "<group>"; };
		49D17FC622F4267800ED1B90 /* FlickrApi.swift */ = {isa = PBXFileReference; lastKnownFileType = sourcecode.swift; path = FlickrApi.swift; sourceTree = "<group>"; };
		49D17FC822F4302200ED1B90 /* ImagePresenterOverviewViewModel.swift */ = {isa = PBXFileReference; lastKnownFileType = sourcecode.swift; path = ImagePresenterOverviewViewModel.swift; sourceTree = "<group>"; };
		49D17FCA22F4334F00ED1B90 /* Picture.swift */ = {isa = PBXFileReference; lastKnownFileType = sourcecode.swift; path = Picture.swift; sourceTree = "<group>"; };
		49D17FE322F4408300ED1B90 /* FeedPicturesCollectionViewCell.xib */ = {isa = PBXFileReference; fileEncoding = 4; lastKnownFileType = file.xib; path = FeedPicturesCollectionViewCell.xib; sourceTree = "<group>"; };
		49D17FE422F4408300ED1B90 /* FeedPicturesCollectionViewCell.swift */ = {isa = PBXFileReference; fileEncoding = 4; lastKnownFileType = sourcecode.swift; path = FeedPicturesCollectionViewCell.swift; sourceTree = "<group>"; };
		49D17FE722F440DE00ED1B90 /* UIImageView+Loader.swift */ = {isa = PBXFileReference; lastKnownFileType = sourcecode.swift; path = "UIImageView+Loader.swift"; sourceTree = "<group>"; };
		49D17FE922F4422800ED1B90 /* ImageWorker.swift */ = {isa = PBXFileReference; lastKnownFileType = sourcecode.swift; path = ImageWorker.swift; sourceTree = "<group>"; };
		53FB092668693ADB07F1B821 /* Pods-BlendlePictures.release.xcconfig */ = {isa = PBXFileReference; includeInIndex = 1; lastKnownFileType = text.xcconfig; name = "Pods-BlendlePictures.release.xcconfig"; path = "Target Support Files/Pods-BlendlePictures/Pods-BlendlePictures.release.xcconfig"; sourceTree = "<group>"; };
		5B07C3C671AD44DFCBDA643D /* Pods_BlendlePictures.framework */ = {isa = PBXFileReference; explicitFileType = wrapper.framework; includeInIndex = 0; path = Pods_BlendlePictures.framework; sourceTree = BUILT_PRODUCTS_DIR; };
/* End PBXFileReference section */

/* Begin PBXFrameworksBuildPhase section */
		49D17F9022F412C400ED1B90 /* Frameworks */ = {
			isa = PBXFrameworksBuildPhase;
			buildActionMask = 2147483647;
			files = (
				F6A8BF1A30A8333431DC883D /* Pods_BlendlePictures.framework in Frameworks */,
			);
			runOnlyForDeploymentPostprocessing = 0;
		};
/* End PBXFrameworksBuildPhase section */

/* Begin PBXGroup section */
		02CAD601299F0BA7E9D06A3F /* Pods */ = {
			isa = PBXGroup;
			children = (
				0F2DFE16498206CEB2E23225 /* Pods-BlendlePictures.debug.xcconfig */,
				53FB092668693ADB07F1B821 /* Pods-BlendlePictures.release.xcconfig */,
			);
			path = Pods;
			sourceTree = "<group>";
		};
		49D17F8A22F412C400ED1B90 = {
			isa = PBXGroup;
			children = (
				49D17F9522F412C400ED1B90 /* BlendlePictures */,
				49D17F9422F412C400ED1B90 /* Products */,
				02CAD601299F0BA7E9D06A3F /* Pods */,
				B917B6CB190D710281B7CE73 /* Frameworks */,
			);
			sourceTree = "<group>";
		};
		49D17F9422F412C400ED1B90 /* Products */ = {
			isa = PBXGroup;
			children = (
				49D17F9322F412C400ED1B90 /* BlendlePictures.app */,
			);
			name = Products;
			sourceTree = "<group>";
		};
		49D17F9522F412C400ED1B90 /* BlendlePictures */ = {
			isa = PBXGroup;
			children = (
				49D17F9622F412C400ED1B90 /* AppDelegate.swift */,
				49D17FB822F419F600ED1B90 /* Extensions */,
				49D17FA822F4153D00ED1B90 /* ViewControllers */,
				49D17FB522F4191800ED1B90 /* Managers */,
				49D17FB222F416CD00ED1B90 /* Models */,
				49D17FC522F4266300ED1B90 /* NetworkAPI */,
				49D17F9A22F412C400ED1B90 /* Main.storyboard */,
				49D17F9D22F412C600ED1B90 /* Assets.xcassets */,
				49D17F9F22F412C600ED1B90 /* LaunchScreen.storyboard */,
				49D17FA222F412C600ED1B90 /* Info.plist */,
			);
			path = BlendlePictures;
			sourceTree = "<group>";
		};
		49D17FA822F4153D00ED1B90 /* ViewControllers */ = {
			isa = PBXGroup;
			children = (
				49D17FBB22F41DEB00ED1B90 /* ImagePresenter */,
				49D17FAB22F4158B00ED1B90 /* ImageSource */,
			);
			path = ViewControllers;
			sourceTree = "<group>";
		};
		49D17FAB22F4158B00ED1B90 /* ImageSource */ = {
			isa = PBXGroup;
			children = (
				49D17FA922F4157600ED1B90 /* ImageSourceTableViewController.swift */,
				49D17FAC22F415B600ED1B90 /* ImageSourceTableDataSource.swift */,
				49D17FAE22F415C000ED1B90 /* ImageSourceTableDelegate.swift */,
				49D17FB022F415CD00ED1B90 /* ImageSourceTableViewModel.swift */,
			);
			path = ImageSource;
			sourceTree = "<group>";
		};
		49D17FB222F416CD00ED1B90 /* Models */ = {
			isa = PBXGroup;
			children = (
				49D17FB322F416DA00ED1B90 /* ImageSource.swift */,
				49D17FCA22F4334F00ED1B90 /* Picture.swift */,
			);
			path = Models;
			sourceTree = "<group>";
		};
		49D17FB522F4191800ED1B90 /* Managers */ = {
			isa = PBXGroup;
			children = (
				49D17FB622F4194800ED1B90 /* ImageSourceManager.swift */,
				49D17FE922F4422800ED1B90 /* ImageWorker.swift */,
			);
			path = Managers;
			sourceTree = "<group>";
		};
		49D17FB822F419F600ED1B90 /* Extensions */ = {
			isa = PBXGroup;
			children = (
				49D17FB922F41A0C00ED1B90 /* NSObject+Common.swift */,
				49D17FE722F440DE00ED1B90 /* UIImageView+Loader.swift */,
			);
			path = Extensions;
			sourceTree = "<group>";
		};
		49D17FBB22F41DEB00ED1B90 /* ImagePresenter */ = {
			isa = PBXGroup;
			children = (
				49D17FBC22F41E3600ED1B90 /* Overview */,
			);
			path = ImagePresenter;
			sourceTree = "<group>";
		};
		49D17FBC22F41E3600ED1B90 /* Overview */ = {
			isa = PBXGroup;
			children = (
				49D17FBD22F41E5C00ED1B90 /* ImagePresenterOverviewCollectionViewController.swift */,
				49D17FC122F420E600ED1B90 /* ImagePresenterOverviewCollectionDataSource.swift */,
				49D17FC322F420FC00ED1B90 /* ImagePresenterOverviewCollectionDelegate.swift */,
				49D17FC822F4302200ED1B90 /* ImagePresenterOverviewViewModel.swift */,
				49D17FE222F4406700ED1B90 /* Cell */,
			);
			path = Overview;
			sourceTree = "<group>";
		};
		49D17FC522F4266300ED1B90 /* NetworkAPI */ = {
			isa = PBXGroup;
			children = (
				49D17FC622F4267800ED1B90 /* FlickrApi.swift */,
			);
			path = NetworkAPI;
			sourceTree = "<group>";
		};
		49D17FE222F4406700ED1B90 /* Cell */ = {
			isa = PBXGroup;
			children = (
				49D17FE422F4408300ED1B90 /* FeedPicturesCollectionViewCell.swift */,
				49D17FE322F4408300ED1B90 /* FeedPicturesCollectionViewCell.xib */,
			);
			path = Cell;
			sourceTree = "<group>";
		};
		B917B6CB190D710281B7CE73 /* Frameworks */ = {
			isa = PBXGroup;
			children = (
				5B07C3C671AD44DFCBDA643D /* Pods_BlendlePictures.framework */,
			);
			name = Frameworks;
			sourceTree = "<group>";
		};
/* End PBXGroup section */

/* Begin PBXNativeTarget section */
		49D17F9222F412C400ED1B90 /* BlendlePictures */ = {
			isa = PBXNativeTarget;
			buildConfigurationList = 49D17FA522F412C600ED1B90 /* Build configuration list for PBXNativeTarget "BlendlePictures" */;
			buildPhases = (
				1276152010C99F7B80A69C08 /* [CP] Check Pods Manifest.lock */,
				49D17F8F22F412C400ED1B90 /* Sources */,
				49D17F9022F412C400ED1B90 /* Frameworks */,
				49D17F9122F412C400ED1B90 /* Resources */,
				FBC166916B0CB34962A5FCB9 /* [CP] Embed Pods Frameworks */,
			);
			buildRules = (
			);
			dependencies = (
			);
			name = BlendlePictures;
			productName = BlendlePictures;
			productReference = 49D17F9322F412C400ED1B90 /* BlendlePictures.app */;
			productType = "com.apple.product-type.application";
		};
/* End PBXNativeTarget section */

/* Begin PBXProject section */
		49D17F8B22F412C400ED1B90 /* Project object */ = {
			isa = PBXProject;
			attributes = {
				LastSwiftUpdateCheck = 1020;
				LastUpgradeCheck = 1020;
				ORGANIZATIONNAME = Oleksii;
				TargetAttributes = {
					49D17F9222F412C400ED1B90 = {
						CreatedOnToolsVersion = 10.2.1;
					};
				};
			};
			buildConfigurationList = 49D17F8E22F412C400ED1B90 /* Build configuration list for PBXProject "BlendlePictures" */;
			compatibilityVersion = "Xcode 9.3";
			developmentRegion = en;
			hasScannedForEncodings = 0;
			knownRegions = (
				en,
				Base,
			);
			mainGroup = 49D17F8A22F412C400ED1B90;
			productRefGroup = 49D17F9422F412C400ED1B90 /* Products */;
			projectDirPath = "";
			projectRoot = "";
			targets = (
				49D17F9222F412C400ED1B90 /* BlendlePictures */,
			);
		};
/* End PBXProject section */

/* Begin PBXResourcesBuildPhase section */
		49D17F9122F412C400ED1B90 /* Resources */ = {
			isa = PBXResourcesBuildPhase;
			buildActionMask = 2147483647;
			files = (
				49D17FA122F412C600ED1B90 /* LaunchScreen.storyboard in Resources */,
				49D17FE522F4408300ED1B90 /* FeedPicturesCollectionViewCell.xib in Resources */,
				49D17F9E22F412C600ED1B90 /* Assets.xcassets in Resources */,
				49D17F9C22F412C400ED1B90 /* Main.storyboard in Resources */,
			);
			runOnlyForDeploymentPostprocessing = 0;
		};
/* End PBXResourcesBuildPhase section */

/* Begin PBXShellScriptBuildPhase section */
		1276152010C99F7B80A69C08 /* [CP] Check Pods Manifest.lock */ = {
			isa = PBXShellScriptBuildPhase;
			buildActionMask = 2147483647;
			files = (
			);
			inputFileListPaths = (
			);
			inputPaths = (
				"${PODS_PODFILE_DIR_PATH}/Podfile.lock",
				"${PODS_ROOT}/Manifest.lock",
			);
			name = "[CP] Check Pods Manifest.lock";
			outputFileListPaths = (
			);
			outputPaths = (
				"$(DERIVED_FILE_DIR)/Pods-BlendlePictures-checkManifestLockResult.txt",
			);
			runOnlyForDeploymentPostprocessing = 0;
			shellPath = /bin/sh;
			shellScript = "diff \"${PODS_PODFILE_DIR_PATH}/Podfile.lock\" \"${PODS_ROOT}/Manifest.lock\" > /dev/null\nif [ $? != 0 ] ; then\n    # print error to STDERR\n    echo \"error: The sandbox is not in sync with the Podfile.lock. Run 'pod install' or update your CocoaPods installation.\" >&2\n    exit 1\nfi\n# This output is used by Xcode 'outputs' to avoid re-running this script phase.\necho \"SUCCESS\" > \"${SCRIPT_OUTPUT_FILE_0}\"\n";
			showEnvVarsInLog = 0;
		};
		FBC166916B0CB34962A5FCB9 /* [CP] Embed Pods Frameworks */ = {
			isa = PBXShellScriptBuildPhase;
			buildActionMask = 2147483647;
			files = (
			);
			inputFileListPaths = (
			);
			inputPaths = (
				"${PODS_ROOT}/Target Support Files/Pods-BlendlePictures/Pods-BlendlePictures-frameworks.sh",
				"${BUILT_PRODUCTS_DIR}/FlickrKit/FlickrKit.framework",
				"${BUILT_PRODUCTS_DIR}/SVProgressHUD/SVProgressHUD.framework",
			);
			name = "[CP] Embed Pods Frameworks";
			outputFileListPaths = (
			);
			outputPaths = (
				"${TARGET_BUILD_DIR}/${FRAMEWORKS_FOLDER_PATH}/FlickrKit.framework",
				"${TARGET_BUILD_DIR}/${FRAMEWORKS_FOLDER_PATH}/SVProgressHUD.framework",
			);
			runOnlyForDeploymentPostprocessing = 0;
			shellPath = /bin/sh;
			shellScript = "\"${PODS_ROOT}/Target Support Files/Pods-BlendlePictures/Pods-BlendlePictures-frameworks.sh\"\n";
			showEnvVarsInLog = 0;
		};
/* End PBXShellScriptBuildPhase section */

/* Begin PBXSourcesBuildPhase section */
		49D17F8F22F412C400ED1B90 /* Sources */ = {
			isa = PBXSourcesBuildPhase;
			buildActionMask = 2147483647;
			files = (
				49D17FC922F4302200ED1B90 /* ImagePresenterOverviewViewModel.swift in Sources */,
				49D17FE822F440DE00ED1B90 /* UIImageView+Loader.swift in Sources */,
				49D17FB722F4194800ED1B90 /* ImageSourceManager.swift in Sources */,
				49D17FBF22F41E5C00ED1B90 /* ImagePresenterOverviewCollectionViewController.swift in Sources */,
				49D17FAF22F415C000ED1B90 /* ImageSourceTableDelegate.swift in Sources */,
				49D17FEA22F4422800ED1B90 /* ImageWorker.swift in Sources */,
				49D17FCB22F4334F00ED1B90 /* Picture.swift in Sources */,
				49D17FB122F415CD00ED1B90 /* ImageSourceTableViewModel.swift in Sources */,
				49D17FC222F420E600ED1B90 /* ImagePresenterOverviewCollectionDataSource.swift in Sources */,
				49D17FAA22F4157600ED1B90 /* ImageSourceTableViewController.swift in Sources */,
				49D17FBA22F41A0C00ED1B90 /* NSObject+Common.swift in Sources */,
				49D17FE622F4408300ED1B90 /* FeedPicturesCollectionViewCell.swift in Sources */,
				49D17FC422F420FC00ED1B90 /* ImagePresenterOverviewCollectionDelegate.swift in Sources */,
				49D17FAD22F415B600ED1B90 /* ImageSourceTableDataSource.swift in Sources */,
				49D17FB422F416DA00ED1B90 /* ImageSource.swift in Sources */,
				49D17F9722F412C400ED1B90 /* AppDelegate.swift in Sources */,
				49D17FC722F4267800ED1B90 /* FlickrApi.swift in Sources */,
			);
			runOnlyForDeploymentPostprocessing = 0;
		};
/* End PBXSourcesBuildPhase section */

/* Begin PBXVariantGroup section */
		49D17F9A22F412C400ED1B90 /* Main.storyboard */ = {
			isa = PBXVariantGroup;
			children = (
				49D17F9B22F412C400ED1B90 /* Base */,
			);
			name = Main.storyboard;
			sourceTree = "<group>";
		};
		49D17F9F22F412C600ED1B90 /* LaunchScreen.storyboard */ = {
			isa = PBXVariantGroup;
			children = (
				49D17FA022F412C600ED1B90 /* Base */,
			);
			name = LaunchScreen.storyboard;
			sourceTree = "<group>";
		};
/* End PBXVariantGroup section */

/* Begin XCBuildConfiguration section */
		49D17FA322F412C600ED1B90 /* Debug */ = {
			isa = XCBuildConfiguration;
			buildSettings = {
				ALWAYS_SEARCH_USER_PATHS = NO;
				CLANG_ANALYZER_NONNULL = YES;
				CLANG_ANALYZER_NUMBER_OBJECT_CONVERSION = YES_AGGRESSIVE;
				CLANG_CXX_LANGUAGE_STANDARD = "gnu++14";
				CLANG_CXX_LIBRARY = "libc++";
				CLANG_ENABLE_MODULES = YES;
				CLANG_ENABLE_OBJC_ARC = YES;
				CLANG_ENABLE_OBJC_WEAK = YES;
				CLANG_WARN_BLOCK_CAPTURE_AUTORELEASING = YES;
				CLANG_WARN_BOOL_CONVERSION = YES;
				CLANG_WARN_COMMA = YES;
				CLANG_WARN_CONSTANT_CONVERSION = YES;
				CLANG_WARN_DEPRECATED_OBJC_IMPLEMENTATIONS = YES;
				CLANG_WARN_DIRECT_OBJC_ISA_USAGE = YES_ERROR;
				CLANG_WARN_DOCUMENTATION_COMMENTS = YES;
				CLANG_WARN_EMPTY_BODY = YES;
				CLANG_WARN_ENUM_CONVERSION = YES;
				CLANG_WARN_INFINITE_RECURSION = YES;
				CLANG_WARN_INT_CONVERSION = YES;
				CLANG_WARN_NON_LITERAL_NULL_CONVERSION = YES;
				CLANG_WARN_OBJC_IMPLICIT_RETAIN_SELF = YES;
				CLANG_WARN_OBJC_LITERAL_CONVERSION = YES;
				CLANG_WARN_OBJC_ROOT_CLASS = YES_ERROR;
				CLANG_WARN_RANGE_LOOP_ANALYSIS = YES;
				CLANG_WARN_STRICT_PROTOTYPES = YES;
				CLANG_WARN_SUSPICIOUS_MOVE = YES;
				CLANG_WARN_UNGUARDED_AVAILABILITY = YES_AGGRESSIVE;
				CLANG_WARN_UNREACHABLE_CODE = YES;
				CLANG_WARN__DUPLICATE_METHOD_MATCH = YES;
				CODE_SIGN_IDENTITY = "iPhone Developer";
				COPY_PHASE_STRIP = NO;
				DEBUG_INFORMATION_FORMAT = dwarf;
				ENABLE_STRICT_OBJC_MSGSEND = YES;
				ENABLE_TESTABILITY = YES;
				GCC_C_LANGUAGE_STANDARD = gnu11;
				GCC_DYNAMIC_NO_PIC = NO;
				GCC_NO_COMMON_BLOCKS = YES;
				GCC_OPTIMIZATION_LEVEL = 0;
				GCC_PREPROCESSOR_DEFINITIONS = (
					"DEBUG=1",
					"$(inherited)",
				);
				GCC_WARN_64_TO_32_BIT_CONVERSION = YES;
				GCC_WARN_ABOUT_RETURN_TYPE = YES_ERROR;
				GCC_WARN_UNDECLARED_SELECTOR = YES;
				GCC_WARN_UNINITIALIZED_AUTOS = YES_AGGRESSIVE;
				GCC_WARN_UNUSED_FUNCTION = YES;
				GCC_WARN_UNUSED_VARIABLE = YES;
				IPHONEOS_DEPLOYMENT_TARGET = 12.2;
				MTL_ENABLE_DEBUG_INFO = INCLUDE_SOURCE;
				MTL_FAST_MATH = YES;
				ONLY_ACTIVE_ARCH = YES;
				SDKROOT = iphoneos;
				SWIFT_ACTIVE_COMPILATION_CONDITIONS = DEBUG;
				SWIFT_OPTIMIZATION_LEVEL = "-Onone";
			};
			name = Debug;
		};
		49D17FA422F412C600ED1B90 /* Release */ = {
			isa = XCBuildConfiguration;
			buildSettings = {
				ALWAYS_SEARCH_USER_PATHS = NO;
				CLANG_ANALYZER_NONNULL = YES;
				CLANG_ANALYZER_NUMBER_OBJECT_CONVERSION = YES_AGGRESSIVE;
				CLANG_CXX_LANGUAGE_STANDARD = "gnu++14";
				CLANG_CXX_LIBRARY = "libc++";
				CLANG_ENABLE_MODULES = YES;
				CLANG_ENABLE_OBJC_ARC = YES;
				CLANG_ENABLE_OBJC_WEAK = YES;
				CLANG_WARN_BLOCK_CAPTURE_AUTORELEASING = YES;
				CLANG_WARN_BOOL_CONVERSION = YES;
				CLANG_WARN_COMMA = YES;
				CLANG_WARN_CONSTANT_CONVERSION = YES;
				CLANG_WARN_DEPRECATED_OBJC_IMPLEMENTATIONS = YES;
				CLANG_WARN_DIRECT_OBJC_ISA_USAGE = YES_ERROR;
				CLANG_WARN_DOCUMENTATION_COMMENTS = YES;
				CLANG_WARN_EMPTY_BODY = YES;
				CLANG_WARN_ENUM_CONVERSION = YES;
				CLANG_WARN_INFINITE_RECURSION = YES;
				CLANG_WARN_INT_CONVERSION = YES;
				CLANG_WARN_NON_LITERAL_NULL_CONVERSION = YES;
				CLANG_WARN_OBJC_IMPLICIT_RETAIN_SELF = YES;
				CLANG_WARN_OBJC_LITERAL_CONVERSION = YES;
				CLANG_WARN_OBJC_ROOT_CLASS = YES_ERROR;
				CLANG_WARN_RANGE_LOOP_ANALYSIS = YES;
				CLANG_WARN_STRICT_PROTOTYPES = YES;
				CLANG_WARN_SUSPICIOUS_MOVE = YES;
				CLANG_WARN_UNGUARDED_AVAILABILITY = YES_AGGRESSIVE;
				CLANG_WARN_UNREACHABLE_CODE = YES;
				CLANG_WARN__DUPLICATE_METHOD_MATCH = YES;
				CODE_SIGN_IDENTITY = "iPhone Developer";
				COPY_PHASE_STRIP = NO;
				DEBUG_INFORMATION_FORMAT = "dwarf-with-dsym";
				ENABLE_NS_ASSERTIONS = NO;
				ENABLE_STRICT_OBJC_MSGSEND = YES;
				GCC_C_LANGUAGE_STANDARD = gnu11;
				GCC_NO_COMMON_BLOCKS = YES;
				GCC_WARN_64_TO_32_BIT_CONVERSION = YES;
				GCC_WARN_ABOUT_RETURN_TYPE = YES_ERROR;
				GCC_WARN_UNDECLARED_SELECTOR = YES;
				GCC_WARN_UNINITIALIZED_AUTOS = YES_AGGRESSIVE;
				GCC_WARN_UNUSED_FUNCTION = YES;
				GCC_WARN_UNUSED_VARIABLE = YES;
				IPHONEOS_DEPLOYMENT_TARGET = 12.2;
				MTL_ENABLE_DEBUG_INFO = NO;
				MTL_FAST_MATH = YES;
				SDKROOT = iphoneos;
				SWIFT_COMPILATION_MODE = wholemodule;
				SWIFT_OPTIMIZATION_LEVEL = "-O";
				VALIDATE_PRODUCT = YES;
			};
			name = Release;
		};
		49D17FA622F412C600ED1B90 /* Debug */ = {
			isa = XCBuildConfiguration;
			baseConfigurationReference = 0F2DFE16498206CEB2E23225 /* Pods-BlendlePictures.debug.xcconfig */;
			buildSettings = {
				ASSETCATALOG_COMPILER_APPICON_NAME = AppIcon;
				CODE_SIGN_STYLE = Automatic;
				INFOPLIST_FILE = BlendlePictures/Info.plist;
				LD_RUNPATH_SEARCH_PATHS = (
					"$(inherited)",
					"@executable_path/Frameworks",
				);
				PRODUCT_BUNDLE_IDENTIFIER = de.oleksii.BlendlePictures;
				PRODUCT_NAME = "$(TARGET_NAME)";
				SWIFT_VERSION = 5.0;
				TARGETED_DEVICE_FAMILY = "1,2";
			};
			name = Debug;
		};
		49D17FA722F412C600ED1B90 /* Release */ = {
			isa = XCBuildConfiguration;
			baseConfigurationReference = 53FB092668693ADB07F1B821 /* Pods-BlendlePictures.release.xcconfig */;
			buildSettings = {
				ASSETCATALOG_COMPILER_APPICON_NAME = AppIcon;
				CODE_SIGN_STYLE = Automatic;
				INFOPLIST_FILE = BlendlePictures/Info.plist;
				LD_RUNPATH_SEARCH_PATHS = (
					"$(inherited)",
					"@executable_path/Frameworks",
				);
				PRODUCT_BUNDLE_IDENTIFIER = de.oleksii.BlendlePictures;
				PRODUCT_NAME = "$(TARGET_NAME)";
				SWIFT_VERSION = 5.0;
				TARGETED_DEVICE_FAMILY = "1,2";
			};
			name = Release;
		};
/* End XCBuildConfiguration section */

/* Begin XCConfigurationList section */
		49D17F8E22F412C400ED1B90 /* Build configuration list for PBXProject "BlendlePictures" */ = {
			isa = XCConfigurationList;
			buildConfigurations = (
				49D17FA322F412C600ED1B90 /* Debug */,
				49D17FA422F412C600ED1B90 /* Release */,
			);
			defaultConfigurationIsVisible = 0;
			defaultConfigurationName = Release;
		};
		49D17FA522F412C600ED1B90 /* Build configuration list for PBXNativeTarget "BlendlePictures" */ = {
			isa = XCConfigurationList;
			buildConfigurations = (
				49D17FA622F412C600ED1B90 /* Debug */,
				49D17FA722F412C600ED1B90 /* Release */,
			);
			defaultConfigurationIsVisible = 0;
			defaultConfigurationName = Release;
		};
/* End XCConfigurationList section */
	};
	rootObject = 49D17F8B22F412C400ED1B90 /* Project object */;
}
